# This file was autogenerated by uv via the following command:
#    uv pip compile --python-version 3.10 requirements/expert-realization-curobo.in --output-file requirements/expert-realization-curobo.lock
-e ./third_party/curobo
    # via -r requirements/expert-realization-curobo.in
absl-py==2.5.0
    # via mujoco
anyio==4.14.2
    # via httpx
attrs==26.1.0
    # via
    #   jsonschema
    #   referencing
backports-strenum==1.3.1
    # via cuda-core
certifi==2022.12.7
    # via
    #   httpcore
    #   httpx
charset-normalizer==2.1.1
    # via trimesh
colorlog==6.12.0
    # via trimesh
contourpy==1.3.2
    # via matplotlib
cuda-bindings==12.9.7
    # via cuda-core
cuda-core==1.1.1
    # via nvidia-curobo
cuda-pathfinder==1.6.0
    # via
    #   cuda-bindings
    #   cuda-core
cuda-toolkit==12.9.2.0
    # via cuda-core
cycler==0.12.1
    # via matplotlib
docstring-parser==0.18.0
    # via tyro
embreex==4.4.0
    # via trimesh
etils==1.13.0
    # via mujoco
evdev==1.9.3
    # via pynput
exceptiongroup==1.3.1
    # via
    #   anyio
    #   pytest
filelock==3.32.3
    # via torch
fonttools==4.64.0
    # via matplotlib
fsspec==2026.7.0
    # via
    #   etils
    #   torch
glfw==2.10.2
    # via mujoco
h11==0.16.0
    # via httpcore
httpcore==1.0.9
    # via httpx
httpx==0.28.1
    # via trimesh
idna==3.4
    # via
    #   anyio
    #   httpx
imageio==2.37.4
    # via
    #   scikit-image
    #   viser
importlib-resources==7.1.0
    # via
    #   etils
    #   nvidia-curobo
iniconfig==2.3.0
    # via pytest
jinja2==3.1.6
    # via torch
jsonschema==4.26.0
    # via trimesh
jsonschema-specifications==2025.9.1
    # via jsonschema
kiwisolver==1.5.1
    # via matplotlib
lazy-loader==0.5
    # via scikit-image
llvmlite==0.49.0
    # via numba
lxml==6.1.2
    # via
    #   trimesh
    #   yourdfpy
manifold3d==3.5.2
    # via trimesh
mapbox-earcut==2.0.0
    # via trimesh
markdown-it-py==4.2.0
    # via rich
markupsafe==3.0.3
    # via jinja2
matplotlib==3.10.9
    # via nvidia-curobo
mdurl==0.1.2
    # via markdown-it-py
mink==0.0.5
    # via robosuite
mpmath==1.3.0
    # via sympy
msgspec==0.21.1
    # via viser
mujoco==3.3.3
    # via
    #   -r requirements/expert-realization-curobo.in
    #   mink
    #   robosuite
networkx==3.4.2
    # via
    #   nvidia-curobo
    #   scikit-image
    #   torch
    #   trimesh
nodeenv==1.10.0
    # via viser
numba==0.67.0
    # via robosuite
numpy==1.26.4
    # via
    #   -r requirements/expert-realization-curobo.in
    #   contourpy
    #   cuda-core
    #   embreex
    #   imageio
    #   manifold3d
    #   mapbox-earcut
    #   matplotlib
    #   mink
    #   mujoco
    #   numba
    #   numpy-quaternion
    #   nvidia-curobo
    #   opencv-python
    #   plyfile
    #   pycollada
    #   qpsolvers
    #   quadprog
    #   robosuite
    #   scikit-image
    #   scipy
    #   shapely
    #   tifffile
    #   trimesh
    #   vhacdx
    #   viser
    #   warp-lang
    #   yourdfpy
numpy-quaternion==2024.0.13
    # via nvidia-curobo
nvidia-cublas-cu12==12.6.4.1
    # via
    #   nvidia-cudnn-cu12
    #   nvidia-cusolver-cu12
    #   torch
nvidia-cuda-cupti-cu12==12.6.80
    # via torch
nvidia-cuda-nvcc-cu12==12.9.86
    # via cuda-bindings
nvidia-cuda-nvrtc-cu12==12.6.77
    # via
    #   cuda-bindings
    #   torch
nvidia-cuda-runtime-cu12==12.6.77
    # via
    #   nvidia-curobo
    #   torch
nvidia-cudnn-cu12==9.5.1.17
    # via torch
nvidia-cufft-cu12==11.3.0.4
    # via torch
nvidia-cufile-cu12==1.11.1.6
    # via
    #   cuda-bindings
    #   torch
nvidia-curand-cu12==10.3.7.77
    # via torch
nvidia-cusolver-cu12==11.7.1.2
    # via torch
nvidia-cusparse-cu12==12.5.4.2
    # via
    #   nvidia-cusolver-cu12
    #   torch
nvidia-cusparselt-cu12==0.6.3
    # via torch
nvidia-nccl-cu12==2.26.2
    # via torch
nvidia-nvfatbin-cu12==12.9.82
    # via cuda-bindings
nvidia-nvjitlink-cu12==12.6.85
    # via
    #   cuda-bindings
    #   nvidia-cufft-cu12
    #   nvidia-cusolver-cu12
    #   nvidia-cusparse-cu12
    #   torch
nvidia-nvtx-cu12==12.6.77
    # via torch
opencv-python==4.11.0.86
    # via robosuite
packaging==24.1
    # via
    #   lazy-loader
    #   matplotlib
    #   pytest
    #   scikit-image
    #   setuptools-scm
    #   vcs-versioning
    #   wheel
pillow==12.3.0
    # via
    #   -r requirements/expert-realization-curobo.in
    #   imageio
    #   matplotlib
    #   robosuite
    #   scikit-image
    #   trimesh
pluggy==1.6.0
    # via pytest
plyfile==1.1.3
    # via viser
psutil==7.2.2
    # via viser
pycollada==0.9.3
    # via trimesh
pygments==2.21.0
    # via
    #   pytest
    #   rich
pynput==1.8.2
    # via robosuite
pyopengl==3.1.10
    # via mujoco
pyparsing==3.3.2
    # via matplotlib
pytest==8.4.2
    # via
    #   -r requirements/expert-realization-curobo.in
    #   robosuite
python-dateutil==2.9.0.post0
    # via
    #   matplotlib
    #   pycollada
python-xlib==0.33
    # via pynput
pyyaml==6.0.3
    # via
    #   -r requirements/expert-realization-curobo.in
    #   nvidia-curobo
qpsolvers==4.13.0
    # via
    #   mink
    #   robosuite
quadprog==0.1.13
    # via qpsolvers
referencing==0.37.0
    # via
    #   jsonschema
    #   jsonschema-specifications
rich==15.0.0
    # via viser
robosuite==1.5.2
    # via -r requirements/expert-realization-curobo.in
rpds-py==0.30.0
    # via
    #   jsonschema
    #   referencing
rtree==1.4.1
    # via trimesh
scikit-image==0.25.2
    # via viser
scipy==1.15.3
    # via
    #   -r requirements/expert-realization-curobo.in
    #   numpy-quaternion
    #   nvidia-curobo
    #   qpsolvers
    #   robosuite
    #   scikit-image
    #   trimesh
    #   viser
setuptools==78.1.0
    # via
    #   setuptools-scm
    #   triton
setuptools-scm==10.2.1
    # via nvidia-curobo
shapely==2.1.2
    # via trimesh
six==1.17.0
    # via
    #   pynput
    #   python-dateutil
    #   python-xlib
    #   yourdfpy
svg-path==7.1
    # via trimesh
sympy==1.14.0
    # via torch
termcolor==3.3.0
    # via robosuite
tifffile==2025.5.10
    # via scikit-image
tomli==2.4.1
    # via
    #   pytest
    #   setuptools-scm
    #   vcs-versioning
torch @ https://download.pytorch.org/whl/cu126/torch-2.7.1%2Bcu126-cp310-cp310-manylinux_2_28_x86_64.whl#sha256=03b83a0f2c1e90afafd7a5728b956e211bb3e6c56ea3d7d8c7638a659e448d5f
    # via
    #   -r requirements/expert-realization-curobo.in
    #   nvidia-curobo
tqdm==4.66.5
    # via
    #   nvidia-curobo
    #   robosuite
    #   viser
trimesh==5.1.0
    # via
    #   nvidia-curobo
    #   viser
    #   yourdfpy
triton==3.3.1
    # via torch
typeguard==4.6.0
    # via tyro
typing-extensions==4.16.0
    # via
    #   anyio
    #   etils
    #   exceptiongroup
    #   mink
    #   referencing
    #   setuptools-scm
    #   torch
    #   typeguard
    #   tyro
    #   vcs-versioning
tyro==1.0.16
    # via viser
vcs-versioning==2.2.2
    # via setuptools-scm
vhacdx==0.0.10
    # via trimesh
viser==0.2.23
    # via nvidia-curobo
warp-lang==1.17.0
    # via nvidia-curobo
websockets==16.1.1
    # via viser
wheel==0.48.0
    # via nvidia-curobo
xxhash==4.0.1
    # via trimesh
yourdfpy==0.0.60
    # via
    #   nvidia-curobo
    #   viser
zipp==3.19.2
    # via etils
